
Microsoft Visual Studio Solution File, Format Version 12.00
Project("{FAE04EC0-301F-11D3-BF4B-00C04F79EFBC}") = "Loja.Api", "Loja.Api\Loja.Api.csproj", "{1FFC15BA-650D-4D99-A3C8-F7708CFA9E7A}"
EndProject
Global
	GlobalSection(SolutionConfigurationPlatforms) = preSolution
		Debug|Any CPU = Debug|Any CPU
		Release|Any CPU = Release|Any CPU
	EndGlobalSection
	GlobalSection(ProjectConfigurationPlatforms) = postSolution
		{1FFC15BA-650D-4D99-A3C8-F7708CFA9E7A}.Debug|Any CPU.ActiveCfg = Debug|Any CPU
		{1FFC15BA-650D-4D99-A3C8-F7708CFA9E7A}.Debug|Any CPU.Build.0 = Debug|Any CPU
		{1FFC15BA-650D-4D99-A3C8-F7708CFA9E7A}.Release|Any CPU.ActiveCfg = Release|Any CPU
		{1FFC15BA-650D-4D99-A3C8-F7708CFA9E7A}.Release|Any CPU.Build.0 = Release|Any CPU
	EndGlobalSection
EndGlobal
